<?xml version="1.0" encoding="utf-8"?>
<Project ToolsVersion="4.0" xmlns="http://schemas.microsoft.com/developer/msbuild/2003">
  <ItemGroup>
    <Filter Include="Source Files">
      <UniqueIdentifier>{4FC737F1-C7A5-4376-A066-2A32D752A2FF}</UniqueIdentifier>
      <Extensions>cpp;c;cc;cxx;c++;cppm;ixx;def;odl;idl;hpj;bat;asm;asmx</Extensions>
    </Filter>
    <Filter Include="Header Files">
      <UniqueIdentifier>{93995380-89BD-4b04-88EB-625FBE52EBFB}</UniqueIdentifier>
      <Extensions>h;hh;hpp;hxx;h++;hm;inl;inc;ipp;xsd</Extensions>
    </Filter>
    <Filter Include="Resource Files">
      <UniqueIdentifier>{67DA6AB6-F800-4c08-8B7A-83BB121AAD01}</UniqueIdentifier>
      <Extensions>rc;ico;cur;bmp;dlg;rc2;rct;bin;rgs;gif;jpg;jpeg;jpe;resx;tiff;tif;png;wav;mfcribbon-ms</Extensions>
    </Filter>
    <Filter Include="Source Files\structures">
      <UniqueIdentifier>{a464a63e-38bf-4d12-9605-7b48a367bac3}</UniqueIdentifier>
    </Filter>
    <Filter Include="Source Files\structures\array">
      <UniqueIdentifier>{2178a8e2-cddf-4fab-8cba-3c1af6335896}</UniqueIdentifier>
    </Filter>
    <Filter Include="Source Files\structures\list">
      <UniqueIdentifier>{17f1206d-87a9-465e-aba2-405008f0d435}</UniqueIdentifier>
    </Filter>
    <Filter Include="Source Files\structures\priority_queue">
      <UniqueIdentifier>{96089914-85f2-4fa3-8b20-e5fd48e0a1b3}</UniqueIdentifier>
    </Filter>
    <Filter Include="Source Files\structures\queue">
      <UniqueIdentifier>{084c9837-c540-473a-80d4-e4972133b8e7}</UniqueIdentifier>
    </Filter>
    <Filter Include="Source Files\structures\stack">
      <UniqueIdentifier>{04be9a98-3fdf-4938-9672-cd6e6fed3a31}</UniqueIdentifier>
    </Filter>
    <Filter Include="Source Files\structures\table">
      <UniqueIdentifier>{0f11f360-1ef7-46b6-93c8-9d97cf987b18}</UniqueIdentifier>
    </Filter>
    <Filter Include="Source Files\structures\table\sorting">
      <UniqueIdentifier>{150b43dc-4a10-4043-963e-beeaeec91cd5}</UniqueIdentifier>
    </Filter>
    <Filter Include="Source Files\structures\tree">
      <UniqueIdentifier>{f53a5695-9bfb-4312-8bc2-f111c2525e31}</UniqueIdentifier>
    </Filter>
    <Filter Include="Source Files\structures\vector">
      <UniqueIdentifier>{a6b97138-42f0-4729-9336-baf3fcf060ac}</UniqueIdentifier>
    </Filter>
    <Filter Include="Source Files\structures\common">
      <UniqueIdentifier>{097ffac2-2251-42c0-9e85-f9ae2ee6b829}</UniqueIdentifier>
    </Filter>
    <Filter Include="Source Files\Kriteria">
      <UniqueIdentifier>{d797d455-e586-4570-b074-fb40804b0775}</UniqueIdentifier>
    </Filter>
    <Filter Include="Source Files\Filtre">
      <UniqueIdentifier>{5cfa6813-2df6-432a-8d0f-92e86a07a73d}</UniqueIdentifier>
    </Filter>
    <Filter Include="Source Files\Vyberove_kriterium">
      <UniqueIdentifier>{740649b5-d9ea-47b4-8cc7-3564ab06fcae}</UniqueIdentifier>
    </Filter>
  </ItemGroup>
  <ItemGroup>
    <ClCompile Include="main.cpp">
      <Filter>Source Files</Filter>
    </ClCompile>
    <ClCompile Include="structures\vector\vector.cpp">
      <Filter>Source Files\structures\vector</Filter>
    </ClCompile>
    <ClCompile Include="structures\common\structure.cpp">
      <Filter>Source Files\structures\common</Filter>
    </ClCompile>
    <ClCompile Include="structures\common\utils.cpp">
      <Filter>Source Files\structures\common</Filter>
    </ClCompile>
    <ClCompile Include="uzemna_jednotka.cpp">
      <Filter>Source Files</Filter>
    </ClCompile>
    <ClCompile Include="databaza_uzemnych_celkov.cpp">
      <Filter>Source Files</Filter>
    </ClCompile>
    <ClCompile Include="spustac.cpp">
      <Filter>Source Files</Filter>
    </ClCompile>
  </ItemGroup>
  <ItemGroup>
    <ClInclude Include="structures\array\array.h">
      <Filter>Source Files\structures\array</Filter>
    </ClInclude>
    <ClInclude Include="structures\list\list.h">
      <Filter>Source Files\structures\list</Filter>
    </ClInclude>
    <ClInclude Include="structures\list\array_list.h">
      <Filter>Source Files\structures\list</Filter>
    </ClInclude>
    <ClInclude Include="structures\list\double_linked_list.h">
      <Filter>Source Files\structures\list</Filter>
    </ClInclude>
    <ClInclude Include="structures\list\linked_list.h">
      <Filter>Source Files\structures\list</Filter>
    </ClInclude>
    <ClInclude Include="structures\priority_queue\heap.h">
      <Filter>Source Files\structures\priority_queue</Filter>
    </ClInclude>
    <ClInclude Include="structures\priority_queue\priority_queue.h">
      <Filter>Source Files\structures\priority_queue</Filter>
    </ClInclude>
    <ClInclude Include="structures\priority_queue\priority_queue_limited_sorted_array_list.h">
      <Filter>Source Files\structures\priority_queue</Filter>
    </ClInclude>
    <ClInclude Include="structures\priority_queue\priority_queue_linked_list.h">
      <Filter>Source Files\structures\priority_queue</Filter>
    </ClInclude>
    <ClInclude Include="structures\priority_queue\priority_queue_list.h">
      <Filter>Source Files\structures\priority_queue</Filter>
    </ClInclude>
    <ClInclude Include="structures\priority_queue\priority_queue_sorted_array_list.h">
      <Filter>Source Files\structures\priority_queue</Filter>
    </ClInclude>
    <ClInclude Include="structures\priority_queue\priority_queue_two_lists.h">
      <Filter>Source Files\structures\priority_queue</Filter>
    </ClInclude>
    <ClInclude Include="structures\priority_queue\priority_queue_unsorted_array_list.h">
      <Filter>Source Files\structures\priority_queue</Filter>
    </ClInclude>
    <ClInclude Include="structures\queue\explicit_queue.h">
      <Filter>Source Files\structures\queue</Filter>
    </ClInclude>
    <ClInclude Include="structures\queue\implicit_queue.h">
      <Filter>Source Files\structures\queue</Filter>
    </ClInclude>
    <ClInclude Include="structures\queue\queue.h">
      <Filter>Source Files\structures\queue</Filter>
    </ClInclude>
    <ClInclude Include="structures\stack\explicit_stack.h">
      <Filter>Source Files\structures\stack</Filter>
    </ClInclude>
    <ClInclude Include="structures\stack\implicit_stack.h">
      <Filter>Source Files\structures\stack</Filter>
    </ClInclude>
    <ClInclude Include="structures\stack\stack.h">
      <Filter>Source Files\structures\stack</Filter>
    </ClInclude>
    <ClInclude Include="structures\table\binary_search_tree.h">
      <Filter>Source Files\structures\table</Filter>
    </ClInclude>
    <ClInclude Include="structures\table\hash_table.h">
      <Filter>Source Files\structures\table</Filter>
    </ClInclude>
    <ClInclude Include="structures\table\linked_table.h">
      <Filter>Source Files\structures\table</Filter>
    </ClInclude>
    <ClInclude Include="structures\table\sequence_table.h">
      <Filter>Source Files\structures\table</Filter>
    </ClInclude>
    <ClInclude Include="structures\table\sorted_sequence_table.h">
      <Filter>Source Files\structures\table</Filter>
    </ClInclude>
    <ClInclude Include="structures\table\table.h">
      <Filter>Source Files\structures\table</Filter>
    </ClInclude>
    <ClInclude Include="structures\table\treap.h">
      <Filter>Source Files\structures\table</Filter>
    </ClInclude>
    <ClInclude Include="structures\table\unsorted_sequence_table.h">
      <Filter>Source Files\structures\table</Filter>
    </ClInclude>
    <ClInclude Include="structures\table\sorting\bubble_sort.h">
      <Filter>Source Files\structures\table\sorting</Filter>
    </ClInclude>
    <ClInclude Include="structures\table\sorting\heap_sort.h">
      <Filter>Source Files\structures\table\sorting</Filter>
    </ClInclude>
    <ClInclude Include="structures\table\sorting\insert_sort.h">
      <Filter>Source Files\structures\table\sorting</Filter>
    </ClInclude>
    <ClInclude Include="structures\table\sorting\merge_sort.h">
      <Filter>Source Files\structures\table\sorting</Filter>
    </ClInclude>
    <ClInclude Include="structures\table\sorting\quick_sort.h">
      <Filter>Source Files\structures\table\sorting</Filter>
    </ClInclude>
    <ClInclude Include="structures\table\sorting\radix_sort.h">
      <Filter>Source Files\structures\table\sorting</Filter>
    </ClInclude>
    <ClInclude Include="structures\table\sorting\select_sort.h">
      <Filter>Source Files\structures\table\sorting</Filter>
    </ClInclude>
    <ClInclude Include="structures\table\sorting\shell_sort.h">
      <Filter>Source Files\structures\table\sorting</Filter>
    </ClInclude>
    <ClInclude Include="structures\table\sorting\shuffle.h">
      <Filter>Source Files\structures\table\sorting</Filter>
    </ClInclude>
    <ClInclude Include="structures\table\sorting\sort.h">
      <Filter>Source Files\structures\table\sorting</Filter>
    </ClInclude>
    <ClInclude Include="structures\tree\binary_tree.h">
      <Filter>Source Files\structures\tree</Filter>
    </ClInclude>
    <ClInclude Include="structures\tree\k_way_tree.h">
      <Filter>Source Files\structures\tree</Filter>
    </ClInclude>
    <ClInclude Include="structures\tree\multi_way_tree.h">
      <Filter>Source Files\structures\tree</Filter>
    </ClInclude>
    <ClInclude Include="structures\tree\tree.h">
      <Filter>Source Files\structures\tree</Filter>
    </ClInclude>
    <ClInclude Include="structures\vector\vector.h">
      <Filter>Source Files\structures\vector</Filter>
    </ClInclude>
    <ClInclude Include="structures\common\data_item.h">
      <Filter>Source Files\structures\common</Filter>
    </ClInclude>
    <ClInclude Include="structures\common\heap_monitor.h">
      <Filter>Source Files\structures\common</Filter>
    </ClInclude>
    <ClInclude Include="structures\common\structure.h">
      <Filter>Source Files\structures\common</Filter>
    </ClInclude>
    <ClInclude Include="structures\common\structure_iterator.h">
      <Filter>Source Files\structures\common</Filter>
    </ClInclude>
    <ClInclude Include="structures\common\types.h">
      <Filter>Source Files\structures\common</Filter>
    </ClInclude>
    <ClInclude Include="structures\common\utils.h">
      <Filter>Source Files\structures\common</Filter>
    </ClInclude>
    <ClInclude Include="typ_uzemnej_jednotky.h">
      <Filter>Header Files</Filter>
    </ClInclude>
    <ClInclude Include="uzemna_jednotka.h">
      <Filter>Header Files</Filter>
    </ClInclude>
    <ClInclude Include="obec.h">
      <Filter>Header Files</Filter>
    </ClInclude>
    <ClInclude Include="okres.h">
      <Filter>Header Files</Filter>
    </ClInclude>
    <ClInclude Include="kraj.h">
      <Filter>Header Files</Filter>
    </ClInclude>
    <ClInclude Include="stat.h">
      <Filter>Header Files</Filter>
    </ClInclude>
    <ClInclude Include="ekonomicka_vekova_skupina.h">
      <Filter>Header Files</Filter>
    </ClInclude>
    <ClInclude Include="pohlavie.h">
      <Filter>Header Files</Filter>
    </ClInclude>
    <ClInclude Include="typ_vzdelania.h">
      <Filter>Header Files</Filter>
    </ClInclude>
    <ClInclude Include="vek.h">
      <Filter>Header Files</Filter>
    </ClInclude>
    <ClInclude Include="vzdelanie.h">
      <Filter>Header Files</Filter>
    </ClInclude>
    <ClInclude Include="databaza_uzemnych_celkov.h">
      <Filter>Header Files</Filter>
    </ClInclude>
    <ClInclude Include="kriterium.h">
      <Filter>Source Files\Kriteria</Filter>
    </ClInclude>
    <ClInclude Include="kriterium_uzemna_jednotka.h">
      <Filter>Source Files\Kriteria</Filter>
    </ClInclude>
    <ClInclude Include="kriterium_uj_nazov.h">
      <Filter>Source Files\Kriteria</Filter>
    </ClInclude>
    <ClInclude Include="kriterium_uj_typ.h">
      <Filter>Source Files\Kriteria</Filter>
    </ClInclude>
    <ClInclude Include="kriterium_uj_prislusnost.h">
      <Filter>Source Files\Kriteria</Filter>
    </ClInclude>
    <ClInclude Include="kriterium_uj_vzdelanie_pocet.h">
      <Filter>Source Files\Kriteria</Filter>
    </ClInclude>
    <ClInclude Include="kriterium_uj_vzdelanie_podiel.h">
      <Filter>Source Files\Kriteria</Filter>
    </ClInclude>
    <ClInclude Include="kriterium_uj_vek_pocet.h">
      <Filter>Source Files\Kriteria</Filter>
    </ClInclude>
    <ClInclude Include="kriterium_uj_vek_podiel.h">
      <Filter>Source Files\Kriteria</Filter>
    </ClInclude>
    <ClInclude Include="kriterium_uj_vekova_skupina_pocet.h">
      <Filter>Source Files\Kriteria</Filter>
    </ClInclude>
    <ClInclude Include="kriterium_uj_vekova_skupina_podiel.h">
      <Filter>Source Files\Kriteria</Filter>
    </ClInclude>
    <ClInclude Include="kriterium_uj_nadradena.h">
      <Filter>Source Files\Kriteria</Filter>
    </ClInclude>
    <ClInclude Include="filter.h">
      <Filter>Source Files\Filtre</Filter>
    </ClInclude>
    <ClInclude Include="filter_UJ_nazov.h">
      <Filter>Source Files\Filtre</Filter>
    </ClInclude>
    <ClInclude Include="filter_UJ_typ.h">
      <Filter>Source Files\Filtre</Filter>
    </ClInclude>
    <ClInclude Include="filter_UJ_prislusnost.h">
      <Filter>Source Files\Filtre</Filter>
    </ClInclude>
    <ClInclude Include="filter_UJ_vzdelanie_pocet.h">
      <Filter>Source Files\Filtre</Filter>
    </ClInclude>
    <ClInclude Include="filter_UJ_vzdelanie_podiel.h">
      <Filter>Source Files\Filtre</Filter>
    </ClInclude>
    <ClInclude Include="filter_UJ_vek_pocet.h">
      <Filter>Source Files\Filtre</Filter>
    </ClInclude>
    <ClInclude Include="filter_UJ_vek_podiel.h">
      <Filter>Source Files\Filtre</Filter>
    </ClInclude>
    <ClInclude Include="filter_UJ_vekova_skupina_pocet.h">
      <Filter>Source Files\Filtre</Filter>
    </ClInclude>
    <ClInclude Include="filter_UJ_vekova_skupina_podiel.h">
      <Filter>Source Files\Filtre</Filter>
    </ClInclude>
    <ClInclude Include="kompozitny_filter.h">
      <Filter>Source Files\Filtre</Filter>
    </ClInclude>
    <ClInclude Include="filter_s_hodnotou.h">
      <Filter>Source Files\Filtre</Filter>
    </ClInclude>
    <ClInclude Include="filter_s_intervalom.h">
      <Filter>Source Files\Filtre</Filter>
    </ClInclude>
    <ClInclude Include="filter_s_kriteriom.h">
      <Filter>Source Files\Filtre</Filter>
    </ClInclude>
    <ClInclude Include="spusti_filter.h">
      <Filter>Source Files\Filtre</Filter>
    </ClInclude>
    <ClInclude Include="spustac.h">
      <Filter>Header Files</Filter>
    </ClInclude>
    <ClInclude Include="vyberove_kriterium.h">
      <Filter>Source Files\Vyberove_kriterium</Filter>
    </ClInclude>
    <ClInclude Include="vyberove_kriterium_min.h">
      <Filter>Source Files\Vyberove_kriterium</Filter>
    </ClInclude>
    <ClInclude Include="vyberove_kriterium_max.h">
      <Filter>Source Files\Vyberove_kriterium</Filter>
    </ClInclude>
    <ClInclude Include="vyberove_kriterium_najvacsia_vekova_skupina.h">
      <Filter>Source Files\Vyberove_kriterium</Filter>
    </ClInclude>
    <ClInclude Include="vyberove_kriterium_najmensia_vekova_skupina.h">
      <Filter>Source Files\Vyberove_kriterium</Filter>
    </ClInclude>
  </ItemGroup>
  <ItemGroup>
    <None Include="cpp.hint" />
    <None Include="ClassDiagram.cd" />
  </ItemGroup>
</Project>