
Microsoft Visual Studio Solution File, Format Version 12.00
# Visual Studio Version 16
VisualStudioVersion = 16.0.32002.261
MinimumVisualStudioVersion = 10.0.40219.1
Project("{8BC9CEB8-8B4A-11D0-8D11-00A0C91BC942}") = "Klient", "Klient\Klient.vcxproj", "{F738112B-5772-4A6A-B2D3-A766FD54DB63}"
EndProject
Project("{8BC9CEB8-8B4A-11D0-8D11-00A0C91BC942}") = "Server", "Server\Server.vcxproj", "{DA41CB79-666B-4DF2-8582-B20875EEA797}"
EndProject
Global
	GlobalSection(SolutionConfigurationPlatforms) = preSolution
		Debug|x64 = Debug|x64
		Debug|x86 = Debug|x86
		Release|x64 = Release|x64
		Release|x86 = Release|x86
	EndGlobalSection
	GlobalSection(ProjectConfigurationPlatforms) = postSolution
		{F738112B-5772-4A6A-B2D3-A766FD54DB63}.Debug|x64.ActiveCfg = Debug|x64
		{F738112B-5772-4A6A-B2D3-A766FD54DB63}.Debug|x64.Build.0 = Debug|x64
		{F738112B-5772-4A6A-B2D3-A766FD54DB63}.Debug|x86.ActiveCfg = Debug|Win32
		{F738112B-5772-4A6A-B2D3-A766FD54DB63}.Debug|x86.Build.0 = Debug|Win32
		{F738112B-5772-4A6A-B2D3-A766FD54DB63}.Release|x64.ActiveCfg = Release|x64
		{F738112B-5772-4A6A-B2D3-A766FD54DB63}.Release|x64.Build.0 = Release|x64
		{F738112B-5772-4A6A-B2D3-A766FD54DB63}.Release|x86.ActiveCfg = Release|Win32
		{F738112B-5772-4A6A-B2D3-A766FD54DB63}.Release|x86.Build.0 = Release|Win32
		{DA41CB79-666B-4DF2-8582-B20875EEA797}.Debug|x64.ActiveCfg = Debug|x64
		{DA41CB79-666B-4DF2-8582-B20875EEA797}.Debug|x64.Build.0 = Debug|x64
		{DA41CB79-666B-4DF2-8582-B20875EEA797}.Debug|x86.ActiveCfg = Debug|Win32
		{DA41CB79-666B-4DF2-8582-B20875EEA797}.Debug|x86.Build.0 = Debug|Win32
		{DA41CB79-666B-4DF2-8582-B20875EEA797}.Release|x64.ActiveCfg = Release|x64
		{DA41CB79-666B-4DF2-8582-B20875EEA797}.Release|x64.Build.0 = Release|x64
		{DA41CB79-666B-4DF2-8582-B20875EEA797}.Release|x86.ActiveCfg = Release|Win32
		{DA41CB79-666B-4DF2-8582-B20875EEA797}.Release|x86.Build.0 = Release|Win32
	EndGlobalSection
	GlobalSection(SolutionProperties) = preSolution
		HideSolutionNode = FALSE
	EndGlobalSection
	GlobalSection(ExtensibilityGlobals) = postSolution
		SolutionGuid = {361DF49B-E47E-4744-9B64-4C14AAFA55C4}
	EndGlobalSection
EndGlobal
